# @generated by Move, please check-in and do not edit manually.

[move]
version = 3
manifest_digest = "F97B18CD3916DEAC5E6AF428C77B6DF9E28C8E33940F76DE66E6AC9A69760E1F"
deps_digest = "F8BBB0CCB2491CA29A3DF03D6F92277A4F3574266507ACD77214D37ECA3F3082"
dependencies = [
  { id = "Sui", name = "Sui" },
]

[[move.package]]
id = "MoveStdlib"
source = { git = "https://github.com/MystenLabs/sui.git", rev = "framework/testnet", subdir = "crates\\sui-framework\\packages\\move-stdlib" }

[[move.package]]
id = "Sui"
source = { git = "https://github.com/MystenLabs/sui.git", rev = "framework/testnet", subdir = "crates/sui-framework/packages/sui-framework" }

dependencies = [
  { id = "MoveStdlib", name = "MoveStdlib" },
]

[move.toolchain-version]
compiler-version = "1.46.2"
edition = "2024.beta"
flavor = "sui"

[env]

[env.testnet]
chain-id = "4c78adac"
original-published-id = "0xc02dfe216111d9fcf8149a959b21a2baf0c9058dfea51498ba3a9a7c518fea8c"
latest-published-id = "0xc02dfe216111d9fcf8149a959b21a2baf0c9058dfea51498ba3a9a7c518fea8c"
published-version = "1"
